
Microsoft Visual Studio Solution File, Format Version 12.00
# Visual Studio Version 17
VisualStudioVersion = 17.9.34607.119
MinimumVisualStudioVersion = 10.0.40219.1
Project("{FAE04EC0-301F-11D3-BF4B-00C04F79EFBC}") = "LR6", "LR6\LR6.csproj", "{BFA6C078-70B1-4DC5-ACF8-BCC1E5016600}"
EndProject
Global
	GlobalSection(SolutionConfigurationPlatforms) = preSolution
		Debug|Any CPU = Debug|Any CPU
		Release|Any CPU = Release|Any CPU
	EndGlobalSection
	GlobalSection(ProjectConfigurationPlatforms) = postSolution
		{BFA6C078-70B1-4DC5-ACF8-BCC1E5016600}.Debug|Any CPU.ActiveCfg = Debug|Any CPU
		{BFA6C078-70B1-4DC5-ACF8-BCC1E5016600}.Debug|Any CPU.Build.0 = Debug|Any CPU
		{BFA6C078-70B1-4DC5-ACF8-BCC1E5016600}.Release|Any CPU.ActiveCfg = Release|Any CPU
		{BFA6C078-70B1-4DC5-ACF8-BCC1E5016600}.Release|Any CPU.Build.0 = Release|Any CPU
	EndGlobalSection
	GlobalSection(SolutionProperties) = preSolution
		HideSolutionNode = FALSE
	EndGlobalSection
	GlobalSection(ExtensibilityGlobals) = postSolution
		SolutionGuid = {39C9743F-1B2D-49AE-85FE-933E2C29A46D}
	EndGlobalSection
EndGlobal
